
Microsoft Visual Studio Solution File, Format Version 12.00
# Visual Studio 15
VisualStudioVersion = 15.0.28307.168
MinimumVisualStudioVersion = 10.0.40219.1
Project("{FAE04EC0-301F-11D3-BF4B-00C04F79EFBC}") = "c0722784", "c0722784\c0722784.csproj", "{45A183E2-A29B-4875-89D9-6638CE9B5303}"
EndProject
Global
	GlobalSection(SolutionConfigurationPlatforms) = preSolution
		Debug|Any CPU = Debug|Any CPU
		Release|Any CPU = Release|Any CPU
	EndGlobalSection
	GlobalSection(ProjectConfigurationPlatforms) = postSolution
		{45A183E2-A29B-4875-89D9-6638CE9B5303}.Debug|Any CPU.ActiveCfg = Debug|Any CPU
		{45A183E2-A29B-4875-89D9-6638CE9B5303}.Debug|Any CPU.Build.0 = Debug|Any CPU
		{45A183E2-A29B-4875-89D9-6638CE9B5303}.Release|Any CPU.ActiveCfg = Release|Any CPU
		{45A183E2-A29B-4875-89D9-6638CE9B5303}.Release|Any CPU.Build.0 = Release|Any CPU
	EndGlobalSection
	GlobalSection(SolutionProperties) = preSolution
		HideSolutionNode = FALSE
	EndGlobalSection
	GlobalSection(ExtensibilityGlobals) = postSolution
		SolutionGuid = {A31FE28C-3513-45B4-9081-04200B78B699}
	EndGlobalSection
EndGlobal
